
Microsoft Visual Studio Solution File, Format Version 12.00
# Visual Studio 14
VisualStudioVersion = 14.0.25420.1
MinimumVisualStudioVersion = 10.0.40219.1
Project("{2150E333-8FDC-42A3-9474-1A3956D46DE8}") = "Libraries", "Libraries", "{F55CF7EB-838D-4CE5-88BB-D7CAAEFD0141}"
EndProject
Project("{2150E333-8FDC-42A3-9474-1A3956D46DE8}") = "Projects", "Projects", "{73963DD3-D336-4B3B-8900-89F2B34BE289}"
EndProject
Project("{FAE04EC0-301F-11D3-BF4B-00C04F79EFBC}") = "Plugin Metadata", "libraries\Plugin Metadata\Plugin Metadata.csproj", "{FD862E1A-D6FA-4D1E-BE3C-9523561938C2}"
EndProject
Project("{FAE04EC0-301F-11D3-BF4B-00C04F79EFBC}") = "Advanced Commander", "projects\Advanced Commander\Advanced Commander.csproj", "{DC953BC6-C4BD-476E-AB29-5CE007049BAB}"
EndProject
Global
	GlobalSection(SolutionConfigurationPlatforms) = preSolution
		Debug|Any CPU = Debug|Any CPU
		Release|Any CPU = Release|Any CPU
	EndGlobalSection
	GlobalSection(ProjectConfigurationPlatforms) = postSolution
		{FD862E1A-D6FA-4D1E-BE3C-9523561938C2}.Debug|Any CPU.ActiveCfg = Debug|Any CPU
		{FD862E1A-D6FA-4D1E-BE3C-9523561938C2}.Debug|Any CPU.Build.0 = Debug|Any CPU
		{FD862E1A-D6FA-4D1E-BE3C-9523561938C2}.Release|Any CPU.ActiveCfg = Release|Any CPU
		{FD862E1A-D6FA-4D1E-BE3C-9523561938C2}.Release|Any CPU.Build.0 = Release|Any CPU
		{DC953BC6-C4BD-476E-AB29-5CE007049BAB}.Debug|Any CPU.ActiveCfg = Debug|Any CPU
		{DC953BC6-C4BD-476E-AB29-5CE007049BAB}.Debug|Any CPU.Build.0 = Debug|Any CPU
		{DC953BC6-C4BD-476E-AB29-5CE007049BAB}.Release|Any CPU.ActiveCfg = Release|Any CPU
		{DC953BC6-C4BD-476E-AB29-5CE007049BAB}.Release|Any CPU.Build.0 = Release|Any CPU
	EndGlobalSection
	GlobalSection(SolutionProperties) = preSolution
		HideSolutionNode = FALSE
	EndGlobalSection
	GlobalSection(NestedProjects) = preSolution
		{FD862E1A-D6FA-4D1E-BE3C-9523561938C2} = {F55CF7EB-838D-4CE5-88BB-D7CAAEFD0141}
		{DC953BC6-C4BD-476E-AB29-5CE007049BAB} = {73963DD3-D336-4B3B-8900-89F2B34BE289}
	EndGlobalSection
EndGlobal
